
Microsoft Visual Studio Solution File, Format Version 12.00
# Visual Studio 15
VisualStudioVersion = 15.0.28307.1209
MinimumVisualStudioVersion = 10.0.40219.1
Project("{8BC9CEB8-8B4A-11D0-8D11-00A0C91BC942}") = "Adjacency Marix", "graph\graph.vcxproj", "{4DBCD550-4836-46E6-BFB7-C4385D7AA189}"
EndProject
Project("{8BC9CEB8-8B4A-11D0-8D11-00A0C91BC942}") = "Adjacency list", "Adjacency list\Adjacency list.vcxproj", "{636D61AD-6CD2-4EAE-85FE-4F1FF145B9A4}"
EndProject
Project("{8BC9CEB8-8B4A-11D0-8D11-00A0C91BC942}") = "DFS_BFS Matrix", "DFS\DFS.vcxproj", "{15DE2EE4-C620-40E3-9D79-4C4CAC36565C}"
EndProject
Project("{8BC9CEB8-8B4A-11D0-8D11-00A0C91BC942}") = "DFS_BFS Link", "DFS_BFS Link\DFS_BFS Link.vcxproj", "{A16CF927-3BA3-4406-97E9-0908FD9BD012}"
EndProject
Project("{8BC9CEB8-8B4A-11D0-8D11-00A0C91BC942}") = "Least-Generated Tree_Prim", "Least-Generated Tree\Least-Generated Tree.vcxproj", "{A1D0A80C-F0A3-4EC6-AF4D-16279F5BFB4D}"
EndProject
Project("{8BC9CEB8-8B4A-11D0-8D11-00A0C91BC942}") = "Least-Generated Tree_Kruskal", "Least-Generated Tree_Kruskal\Least-Generated Tree_Kruskal.vcxproj", "{D771517A-1D69-4739-8F7A-F8387D81F1D2}"
EndProject
Project("{8BC9CEB8-8B4A-11D0-8D11-00A0C91BC942}") = "Shortest Path", "Shortest Path\Shortest Path.vcxproj", "{2E27D7C6-C07B-45C4-A03A-4B881463E760}"
EndProject
Project("{8BC9CEB8-8B4A-11D0-8D11-00A0C91BC942}") = "ShorestPath City Problem", "ShorestPath City Problem\ShorestPath City Problem.vcxproj", "{BEA77CF7-767B-45E4-96D9-5D9515D56DCD}"
EndProject
Project("{8BC9CEB8-8B4A-11D0-8D11-00A0C91BC942}") = "CityProblemWeb", "CityProblemWeb\CityProblemWeb.vcxproj", "{D1F6D6E8-B7C3-4EAC-A22D-7C43C0893238}"
EndProject
Project("{8BC9CEB8-8B4A-11D0-8D11-00A0C91BC942}") = "Shorest_Path City Vector", "Shorest_Path City Vector\Shorest_Path City Vector.vcxproj", "{3ABC32D8-61A3-4F54-9F53-660B221719F3}"
EndProject
Project("{8BC9CEB8-8B4A-11D0-8D11-00A0C91BC942}") = "Shorest_Path_Struct", "Shorest_Path_Struct\Shorest_Path_Struct.vcxproj", "{AC3B443B-DF10-4E8C-9D95-CDFDF170A70F}"
EndProject
Project("{8BC9CEB8-8B4A-11D0-8D11-00A0C91BC942}") = "Six Degree Theory", "Six Degree Theory\Six Degree Theory.vcxproj", "{4F61B24A-D3C7-4780-90B4-452817A11ED9}"
EndProject
Project("{8BC9CEB8-8B4A-11D0-8D11-00A0C91BC942}") = "Adlist Add vertex", "Adlist Add vertex\Adlist Add vertex.vcxproj", "{8C85CCA0-748F-4E0B-97F5-ED7DFD469A51}"
EndProject
Project("{8BC9CEB8-8B4A-11D0-8D11-00A0C91BC942}") = "Adjacent Matrix Add Vertex", "Adjacent Matrix Add Vertex\Adjacent Matrix Add Vertex.vcxproj", "{4EE76D9A-7A87-4765-A027-1F0722D1285A}"
EndProject
Project("{8BC9CEB8-8B4A-11D0-8D11-00A0C91BC942}") = "Adjacent Matrix Dele Node", "Adjacent Matrix Dele Node\Adjacent Matrix Dele Node.vcxproj", "{D13F491E-10D0-448E-8093-56A790DE6EB3}"
EndProject
Project("{8BC9CEB8-8B4A-11D0-8D11-00A0C91BC942}") = "Adjacent Matrix Del Node 2", "Adjacent Matrix Del Node 2\Adjacent Matrix Del Node 2.vcxproj", "{8736A604-06C4-42A5-A6FF-F605AC2B37A0}"
EndProject
Global
	GlobalSection(SolutionConfigurationPlatforms) = preSolution
		Debug|x64 = Debug|x64
		Debug|x86 = Debug|x86
		Release|x64 = Release|x64
		Release|x86 = Release|x86
	EndGlobalSection
	GlobalSection(ProjectConfigurationPlatforms) = postSolution
		{4DBCD550-4836-46E6-BFB7-C4385D7AA189}.Debug|x64.ActiveCfg = Debug|x64
		{4DBCD550-4836-46E6-BFB7-C4385D7AA189}.Debug|x64.Build.0 = Debug|x64
		{4DBCD550-4836-46E6-BFB7-C4385D7AA189}.Debug|x86.ActiveCfg = Debug|Win32
		{4DBCD550-4836-46E6-BFB7-C4385D7AA189}.Debug|x86.Build.0 = Debug|Win32
		{4DBCD550-4836-46E6-BFB7-C4385D7AA189}.Release|x64.ActiveCfg = Release|x64
		{4DBCD550-4836-46E6-BFB7-C4385D7AA189}.Release|x64.Build.0 = Release|x64
		{4DBCD550-4836-46E6-BFB7-C4385D7AA189}.Release|x86.ActiveCfg = Release|Win32
		{4DBCD550-4836-46E6-BFB7-C4385D7AA189}.Release|x86.Build.0 = Release|Win32
		{636D61AD-6CD2-4EAE-85FE-4F1FF145B9A4}.Debug|x64.ActiveCfg = Debug|x64
		{636D61AD-6CD2-4EAE-85FE-4F1FF145B9A4}.Debug|x64.Build.0 = Debug|x64
		{636D61AD-6CD2-4EAE-85FE-4F1FF145B9A4}.Debug|x86.ActiveCfg = Debug|Win32
		{636D61AD-6CD2-4EAE-85FE-4F1FF145B9A4}.Debug|x86.Build.0 = Debug|Win32
		{636D61AD-6CD2-4EAE-85FE-4F1FF145B9A4}.Release|x64.ActiveCfg = Release|x64
		{636D61AD-6CD2-4EAE-85FE-4F1FF145B9A4}.Release|x64.Build.0 = Release|x64
		{636D61AD-6CD2-4EAE-85FE-4F1FF145B9A4}.Release|x86.ActiveCfg = Release|Win32
		{636D61AD-6CD2-4EAE-85FE-4F1FF145B9A4}.Release|x86.Build.0 = Release|Win32
		{15DE2EE4-C620-40E3-9D79-4C4CAC36565C}.Debug|x64.ActiveCfg = Debug|x64
		{15DE2EE4-C620-40E3-9D79-4C4CAC36565C}.Debug|x64.Build.0 = Debug|x64
		{15DE2EE4-C620-40E3-9D79-4C4CAC36565C}.Debug|x86.ActiveCfg = Debug|Win32
		{15DE2EE4-C620-40E3-9D79-4C4CAC36565C}.Debug|x86.Build.0 = Debug|Win32
		{15DE2EE4-C620-40E3-9D79-4C4CAC36565C}.Release|x64.ActiveCfg = Release|x64
		{15DE2EE4-C620-40E3-9D79-4C4CAC36565C}.Release|x64.Build.0 = Release|x64
		{15DE2EE4-C620-40E3-9D79-4C4CAC36565C}.Release|x86.ActiveCfg = Release|Win32
		{15DE2EE4-C620-40E3-9D79-4C4CAC36565C}.Release|x86.Build.0 = Release|Win32
		{A16CF927-3BA3-4406-97E9-0908FD9BD012}.Debug|x64.ActiveCfg = Debug|x64
		{A16CF927-3BA3-4406-97E9-0908FD9BD012}.Debug|x64.Build.0 = Debug|x64
		{A16CF927-3BA3-4406-97E9-0908FD9BD012}.Debug|x86.ActiveCfg = Debug|Win32
		{A16CF927-3BA3-4406-97E9-0908FD9BD012}.Debug|x86.Build.0 = Debug|Win32
		{A16CF927-3BA3-4406-97E9-0908FD9BD012}.Release|x64.ActiveCfg = Release|x64
		{A16CF927-3BA3-4406-97E9-0908FD9BD012}.Release|x64.Build.0 = Release|x64
		{A16CF927-3BA3-4406-97E9-0908FD9BD012}.Release|x86.ActiveCfg = Release|Win32
		{A16CF927-3BA3-4406-97E9-0908FD9BD012}.Release|x86.Build.0 = Release|Win32
		{A1D0A80C-F0A3-4EC6-AF4D-16279F5BFB4D}.Debug|x64.ActiveCfg = Debug|x64
		{A1D0A80C-F0A3-4EC6-AF4D-16279F5BFB4D}.Debug|x64.Build.0 = Debug|x64
		{A1D0A80C-F0A3-4EC6-AF4D-16279F5BFB4D}.Debug|x86.ActiveCfg = Debug|Win32
		{A1D0A80C-F0A3-4EC6-AF4D-16279F5BFB4D}.Debug|x86.Build.0 = Debug|Win32
		{A1D0A80C-F0A3-4EC6-AF4D-16279F5BFB4D}.Release|x64.ActiveCfg = Release|x64
		{A1D0A80C-F0A3-4EC6-AF4D-16279F5BFB4D}.Release|x64.Build.0 = Release|x64
		{A1D0A80C-F0A3-4EC6-AF4D-16279F5BFB4D}.Release|x86.ActiveCfg = Release|Win32
		{A1D0A80C-F0A3-4EC6-AF4D-16279F5BFB4D}.Release|x86.Build.0 = Release|Win32
		{D771517A-1D69-4739-8F7A-F8387D81F1D2}.Debug|x64.ActiveCfg = Debug|x64
		{D771517A-1D69-4739-8F7A-F8387D81F1D2}.Debug|x64.Build.0 = Debug|x64
		{D771517A-1D69-4739-8F7A-F8387D81F1D2}.Debug|x86.ActiveCfg = Debug|Win32
		{D771517A-1D69-4739-8F7A-F8387D81F1D2}.Debug|x86.Build.0 = Debug|Win32
		{D771517A-1D69-4739-8F7A-F8387D81F1D2}.Release|x64.ActiveCfg = Release|x64
		{D771517A-1D69-4739-8F7A-F8387D81F1D2}.Release|x64.Build.0 = Release|x64
		{D771517A-1D69-4739-8F7A-F8387D81F1D2}.Release|x86.ActiveCfg = Release|Win32
		{D771517A-1D69-4739-8F7A-F8387D81F1D2}.Release|x86.Build.0 = Release|Win32
		{2E27D7C6-C07B-45C4-A03A-4B881463E760}.Debug|x64.ActiveCfg = Debug|x64
		{2E27D7C6-C07B-45C4-A03A-4B881463E760}.Debug|x64.Build.0 = Debug|x64
		{2E27D7C6-C07B-45C4-A03A-4B881463E760}.Debug|x86.ActiveCfg = Debug|Win32
		{2E27D7C6-C07B-45C4-A03A-4B881463E760}.Debug|x86.Build.0 = Debug|Win32
		{2E27D7C6-C07B-45C4-A03A-4B881463E760}.Release|x64.ActiveCfg = Release|x64
		{2E27D7C6-C07B-45C4-A03A-4B881463E760}.Release|x64.Build.0 = Release|x64
		{2E27D7C6-C07B-45C4-A03A-4B881463E760}.Release|x86.ActiveCfg = Release|Win32
		{2E27D7C6-C07B-45C4-A03A-4B881463E760}.Release|x86.Build.0 = Release|Win32
		{BEA77CF7-767B-45E4-96D9-5D9515D56DCD}.Debug|x64.ActiveCfg = Debug|x64
		{BEA77CF7-767B-45E4-96D9-5D9515D56DCD}.Debug|x64.Build.0 = Debug|x64
		{BEA77CF7-767B-45E4-96D9-5D9515D56DCD}.Debug|x86.ActiveCfg = Debug|Win32
		{BEA77CF7-767B-45E4-96D9-5D9515D56DCD}.Debug|x86.Build.0 = Debug|Win32
		{BEA77CF7-767B-45E4-96D9-5D9515D56DCD}.Release|x64.ActiveCfg = Release|x64
		{BEA77CF7-767B-45E4-96D9-5D9515D56DCD}.Release|x64.Build.0 = Release|x64
		{BEA77CF7-767B-45E4-96D9-5D9515D56DCD}.Release|x86.ActiveCfg = Release|Win32
		{BEA77CF7-767B-45E4-96D9-5D9515D56DCD}.Release|x86.Build.0 = Release|Win32
		{D1F6D6E8-B7C3-4EAC-A22D-7C43C0893238}.Debug|x64.ActiveCfg = Debug|x64
		{D1F6D6E8-B7C3-4EAC-A22D-7C43C0893238}.Debug|x64.Build.0 = Debug|x64
		{D1F6D6E8-B7C3-4EAC-A22D-7C43C0893238}.Debug|x86.ActiveCfg = Debug|Win32
		{D1F6D6E8-B7C3-4EAC-A22D-7C43C0893238}.Debug|x86.Build.0 = Debug|Win32
		{D1F6D6E8-B7C3-4EAC-A22D-7C43C0893238}.Release|x64.ActiveCfg = Release|x64
		{D1F6D6E8-B7C3-4EAC-A22D-7C43C0893238}.Release|x64.Build.0 = Release|x64
		{D1F6D6E8-B7C3-4EAC-A22D-7C43C0893238}.Release|x86.ActiveCfg = Release|Win32
		{D1F6D6E8-B7C3-4EAC-A22D-7C43C0893238}.Release|x86.Build.0 = Release|Win32
		{3ABC32D8-61A3-4F54-9F53-660B221719F3}.Debug|x64.ActiveCfg = Debug|x64
		{3ABC32D8-61A3-4F54-9F53-660B221719F3}.Debug|x64.Build.0 = Debug|x64
		{3ABC32D8-61A3-4F54-9F53-660B221719F3}.Debug|x86.ActiveCfg = Debug|Win32
		{3ABC32D8-61A3-4F54-9F53-660B221719F3}.Debug|x86.Build.0 = Debug|Win32
		{3ABC32D8-61A3-4F54-9F53-660B221719F3}.Release|x64.ActiveCfg = Release|x64
		{3ABC32D8-61A3-4F54-9F53-660B221719F3}.Release|x64.Build.0 = Release|x64
		{3ABC32D8-61A3-4F54-9F53-660B221719F3}.Release|x86.ActiveCfg = Release|Win32
		{3ABC32D8-61A3-4F54-9F53-660B221719F3}.Release|x86.Build.0 = Release|Win32
		{AC3B443B-DF10-4E8C-9D95-CDFDF170A70F}.Debug|x64.ActiveCfg = Debug|x64
		{AC3B443B-DF10-4E8C-9D95-CDFDF170A70F}.Debug|x64.Build.0 = Debug|x64
		{AC3B443B-DF10-4E8C-9D95-CDFDF170A70F}.Debug|x86.ActiveCfg = Debug|Win32
		{AC3B443B-DF10-4E8C-9D95-CDFDF170A70F}.Debug|x86.Build.0 = Debug|Win32
		{AC3B443B-DF10-4E8C-9D95-CDFDF170A70F}.Release|x64.ActiveCfg = Release|x64
		{AC3B443B-DF10-4E8C-9D95-CDFDF170A70F}.Release|x64.Build.0 = Release|x64
		{AC3B443B-DF10-4E8C-9D95-CDFDF170A70F}.Release|x86.ActiveCfg = Release|Win32
		{AC3B443B-DF10-4E8C-9D95-CDFDF170A70F}.Release|x86.Build.0 = Release|Win32
		{4F61B24A-D3C7-4780-90B4-452817A11ED9}.Debug|x64.ActiveCfg = Debug|x64
		{4F61B24A-D3C7-4780-90B4-452817A11ED9}.Debug|x64.Build.0 = Debug|x64
		{4F61B24A-D3C7-4780-90B4-452817A11ED9}.Debug|x86.ActiveCfg = Debug|Win32
		{4F61B24A-D3C7-4780-90B4-452817A11ED9}.Debug|x86.Build.0 = Debug|Win32
		{4F61B24A-D3C7-4780-90B4-452817A11ED9}.Release|x64.ActiveCfg = Release|x64
		{4F61B24A-D3C7-4780-90B4-452817A11ED9}.Release|x64.Build.0 = Release|x64
		{4F61B24A-D3C7-4780-90B4-452817A11ED9}.Release|x86.ActiveCfg = Release|Win32
		{4F61B24A-D3C7-4780-90B4-452817A11ED9}.Release|x86.Build.0 = Release|Win32
		{8C85CCA0-748F-4E0B-97F5-ED7DFD469A51}.Debug|x64.ActiveCfg = Debug|x64
		{8C85CCA0-748F-4E0B-97F5-ED7DFD469A51}.Debug|x64.Build.0 = Debug|x64
		{8C85CCA0-748F-4E0B-97F5-ED7DFD469A51}.Debug|x86.ActiveCfg = Debug|Win32
		{8C85CCA0-748F-4E0B-97F5-ED7DFD469A51}.Debug|x86.Build.0 = Debug|Win32
		{8C85CCA0-748F-4E0B-97F5-ED7DFD469A51}.Release|x64.ActiveCfg = Release|x64
		{8C85CCA0-748F-4E0B-97F5-ED7DFD469A51}.Release|x64.Build.0 = Release|x64
		{8C85CCA0-748F-4E0B-97F5-ED7DFD469A51}.Release|x86.ActiveCfg = Release|Win32
		{8C85CCA0-748F-4E0B-97F5-ED7DFD469A51}.Release|x86.Build.0 = Release|Win32
		{4EE76D9A-7A87-4765-A027-1F0722D1285A}.Debug|x64.ActiveCfg = Debug|x64
		{4EE76D9A-7A87-4765-A027-1F0722D1285A}.Debug|x64.Build.0 = Debug|x64
		{4EE76D9A-7A87-4765-A027-1F0722D1285A}.Debug|x86.ActiveCfg = Debug|Win32
		{4EE76D9A-7A87-4765-A027-1F0722D1285A}.Debug|x86.Build.0 = Debug|Win32
		{4EE76D9A-7A87-4765-A027-1F0722D1285A}.Release|x64.ActiveCfg = Release|x64
		{4EE76D9A-7A87-4765-A027-1F0722D1285A}.Release|x64.Build.0 = Release|x64
		{4EE76D9A-7A87-4765-A027-1F0722D1285A}.Release|x86.ActiveCfg = Release|Win32
		{4EE76D9A-7A87-4765-A027-1F0722D1285A}.Release|x86.Build.0 = Release|Win32
		{D13F491E-10D0-448E-8093-56A790DE6EB3}.Debug|x64.ActiveCfg = Debug|x64
		{D13F491E-10D0-448E-8093-56A790DE6EB3}.Debug|x64.Build.0 = Debug|x64
		{D13F491E-10D0-448E-8093-56A790DE6EB3}.Debug|x86.ActiveCfg = Debug|Win32
		{D13F491E-10D0-448E-8093-56A790DE6EB3}.Debug|x86.Build.0 = Debug|Win32
		{D13F491E-10D0-448E-8093-56A790DE6EB3}.Release|x64.ActiveCfg = Release|x64
		{D13F491E-10D0-448E-8093-56A790DE6EB3}.Release|x64.Build.0 = Release|x64
		{D13F491E-10D0-448E-8093-56A790DE6EB3}.Release|x86.ActiveCfg = Release|Win32
		{D13F491E-10D0-448E-8093-56A790DE6EB3}.Release|x86.Build.0 = Release|Win32
		{8736A604-06C4-42A5-A6FF-F605AC2B37A0}.Debug|x64.ActiveCfg = Debug|x64
		{8736A604-06C4-42A5-A6FF-F605AC2B37A0}.Debug|x64.Build.0 = Debug|x64
		{8736A604-06C4-42A5-A6FF-F605AC2B37A0}.Debug|x86.ActiveCfg = Debug|Win32
		{8736A604-06C4-42A5-A6FF-F605AC2B37A0}.Debug|x86.Build.0 = Debug|Win32
		{8736A604-06C4-42A5-A6FF-F605AC2B37A0}.Release|x64.ActiveCfg = Release|x64
		{8736A604-06C4-42A5-A6FF-F605AC2B37A0}.Release|x64.Build.0 = Release|x64
		{8736A604-06C4-42A5-A6FF-F605AC2B37A0}.Release|x86.ActiveCfg = Release|Win32
		{8736A604-06C4-42A5-A6FF-F605AC2B37A0}.Release|x86.Build.0 = Release|Win32
	EndGlobalSection
	GlobalSection(SolutionProperties) = preSolution
		HideSolutionNode = FALSE
	EndGlobalSection
	GlobalSection(ExtensibilityGlobals) = postSolution
		SolutionGuid = {8178FC72-714C-499C-8D2B-232D453A7F12}
	EndGlobalSection
EndGlobal
